// !$*UTF8*$!
{
	archiveVersion = 1;
	classes = {
	};
	objectVersion = 46;
	objects = {

/* Begin PBXBuildFile section */
		CB2E92E71853D60C00153780 /* MainViewController.m in Sources */ = {isa = PBXBuildFile; fileRef = CB2E92E61853D60C00153780 /* MainViewController.m */; };
		CB49C0451857B27F000B771D /* ProductCardView.m in Sources */ = {isa = PBXBuildFile; fileRef = CB49C0441857B27F000B771D /* ProductCardView.m */; };
		CB49C0481857B7F1000B771D /* no-image-available.png in Resources */ = {isa = PBXBuildFile; fileRef = CB49C0471857B7F1000B771D /* no-image-available.png */; };
		CB49C04C1857BB9B000B771D /* ProductCardCollectionViewCell.m in Sources */ = {isa = PBXBuildFile; fileRef = CB49C04B1857BB9B000B771D /* ProductCardCollectionViewCell.m */; };
		CBCCDF061858B688002DA193 /* ProductModalViewController.m in Sources */ = {isa = PBXBuildFile; fileRef = CBCCDF051858B688002DA193 /* ProductModalViewController.m */; };
		CBCCDF301858D49A002DA193 /* icon-29.png in Resources */ = {isa = PBXBuildFile; fileRef = CBCCDF261858D49A002DA193 /* icon-29.png */; };
		CBCCDF311858D49A002DA193 /* icon-40.png in Resources */ = {isa = PBXBuildFile; fileRef = CBCCDF271858D49A002DA193 /* icon-40.png */; };
		CBCCDF321858D49A002DA193 /* icon-58.png in Resources */ = {isa = PBXBuildFile; fileRef = CBCCDF281858D49A002DA193 /* icon-58.png */; };
		CBCCDF331858D49A002DA193 /* icon-60.png in Resources */ = {isa = PBXBuildFile; fileRef = CBCCDF291858D49A002DA193 /* icon-60.png */; };
		CBCCDF341858D49A002DA193 /* icon-76.png in Resources */ = {isa = PBXBuildFile; fileRef = CBCCDF2A1858D49A002DA193 /* icon-76.png */; };
		CBCCDF351858D49A002DA193 /* icon-80.png in Resources */ = {isa = PBXBuildFile; fileRef = CBCCDF2B1858D49A002DA193 /* icon-80.png */; };
		CBCCDF361858D49A002DA193 /* icon-120.png in Resources */ = {isa = PBXBuildFile; fileRef = CBCCDF2C1858D49A002DA193 /* icon-120.png */; };
		CBCCDF371858D49A002DA193 /* icon-152.png in Resources */ = {isa = PBXBuildFile; fileRef = CBCCDF2D1858D49A002DA193 /* icon-152.png */; };
		CBCCDF381858D49A002DA193 /* icon-256.png in Resources */ = {isa = PBXBuildFile; fileRef = CBCCDF2E1858D49A002DA193 /* icon-256.png */; };
		CBCCDF391858D49A002DA193 /* logo.png in Resources */ = {isa = PBXBuildFile; fileRef = CBCCDF2F1858D49A002DA193 /* logo.png */; };
		CBCCDF3C1858D784002DA193 /* CategorySelectionViewController.m in Sources */ = {isa = PBXBuildFile; fileRef = CBCCDF3B1858D784002DA193 /* CategorySelectionViewController.m */; };
		CBCCDF481858FD3F002DA193 /* HexColor.m in Sources */ = {isa = PBXBuildFile; fileRef = CBCCDF471858FD3F002DA193 /* HexColor.m */; };
		CBCCDF651858FD57002DA193 /* TSMessage.m in Sources */ = {isa = PBXBuildFile; fileRef = CBCCDF4C1858FD57002DA193 /* TSMessage.m */; };
		CBCCDF661858FD57002DA193 /* NotificationBackgroundError.png in Resources */ = {isa = PBXBuildFile; fileRef = CBCCDF4F1858FD57002DA193 /* NotificationBackgroundError.png */; };
		CBCCDF671858FD57002DA193 /* NotificationBackgroundError@2x.png in Resources */ = {isa = PBXBuildFile; fileRef = CBCCDF501858FD57002DA193 /* NotificationBackgroundError@2x.png */; };
		CBCCDF681858FD57002DA193 /* NotificationBackgroundErrorIcon.png in Resources */ = {isa = PBXBuildFile; fileRef = CBCCDF511858FD57002DA193 /* NotificationBackgroundErrorIcon.png */; };
		CBCCDF691858FD57002DA193 /* NotificationBackgroundErrorIcon@2x.png in Resources */ = {isa = PBXBuildFile; fileRef = CBCCDF521858FD57002DA193 /* NotificationBackgroundErrorIcon@2x.png */; };
		CBCCDF6A1858FD57002DA193 /* NotificationBackgroundMessage.png in Resources */ = {isa = PBXBuildFile; fileRef = CBCCDF531858FD57002DA193 /* NotificationBackgroundMessage.png */; };
		CBCCDF6B1858FD57002DA193 /* NotificationBackgroundMessage@2x.png in Resources */ = {isa = PBXBuildFile; fileRef = CBCCDF541858FD57002DA193 /* NotificationBackgroundMessage@2x.png */; };
		CBCCDF6C1858FD57002DA193 /* NotificationBackgroundSuccess.png in Resources */ = {isa = PBXBuildFile; fileRef = CBCCDF551858FD57002DA193 /* NotificationBackgroundSuccess.png */; };
		CBCCDF6D1858FD57002DA193 /* NotificationBackgroundSuccess@2x.png in Resources */ = {isa = PBXBuildFile; fileRef = CBCCDF561858FD57002DA193 /* NotificationBackgroundSuccess@2x.png */; };
		CBCCDF6E1858FD57002DA193 /* NotificationBackgroundSuccessIcon.png in Resources */ = {isa = PBXBuildFile; fileRef = CBCCDF571858FD57002DA193 /* NotificationBackgroundSuccessIcon.png */; };
		CBCCDF6F1858FD57002DA193 /* NotificationBackgroundSuccessIcon@2x.png in Resources */ = {isa = PBXBuildFile; fileRef = CBCCDF581858FD57002DA193 /* NotificationBackgroundSuccessIcon@2x.png */; };
		CBCCDF701858FD57002DA193 /* NotificationBackgroundWarning.png in Resources */ = {isa = PBXBuildFile; fileRef = CBCCDF591858FD57002DA193 /* NotificationBackgroundWarning.png */; };
		CBCCDF711858FD57002DA193 /* NotificationBackgroundWarning@2x.png in Resources */ = {isa = PBXBuildFile; fileRef = CBCCDF5A1858FD57002DA193 /* NotificationBackgroundWarning@2x.png */; };
		CBCCDF721858FD57002DA193 /* NotificationBackgroundWarningIcon.png in Resources */ = {isa = PBXBuildFile; fileRef = CBCCDF5B1858FD57002DA193 /* NotificationBackgroundWarningIcon.png */; };
		CBCCDF731858FD57002DA193 /* NotificationBackgroundWarningIcon@2x.png in Resources */ = {isa = PBXBuildFile; fileRef = CBCCDF5C1858FD57002DA193 /* NotificationBackgroundWarningIcon@2x.png */; };
		CBCCDF741858FD57002DA193 /* NotificationButtonBackground.png in Resources */ = {isa = PBXBuildFile; fileRef = CBCCDF5D1858FD57002DA193 /* NotificationButtonBackground.png */; };
		CBCCDF751858FD57002DA193 /* NotificationButtonBackground@2x.png in Resources */ = {isa = PBXBuildFile; fileRef = CBCCDF5E1858FD57002DA193 /* NotificationButtonBackground@2x.png */; };
		CBCCDF761858FD57002DA193 /* TSMessagesDefaultDesign.json in Resources */ = {isa = PBXBuildFile; fileRef = CBCCDF5F1858FD57002DA193 /* TSMessagesDefaultDesign.json */; };
		CBCCDF771858FD57002DA193 /* TSBlurView.m in Sources */ = {isa = PBXBuildFile; fileRef = CBCCDF621858FD57002DA193 /* TSBlurView.m */; };
		CBCCDF781858FD57002DA193 /* TSMessageView.m in Sources */ = {isa = PBXBuildFile; fileRef = CBCCDF641858FD57002DA193 /* TSMessageView.m */; };
		CBF9688D184CE4F500978C2F /* Foundation.framework in Frameworks */ = {isa = PBXBuildFile; fileRef = CBF9688C184CE4F500978C2F /* Foundation.framework */; };
		CBF9688F184CE4F500978C2F /* CoreGraphics.framework in Frameworks */ = {isa = PBXBuildFile; fileRef = CBF9688E184CE4F500978C2F /* CoreGraphics.framework */; };
		CBF96891184CE4F500978C2F /* UIKit.framework in Frameworks */ = {isa = PBXBuildFile; fileRef = CBF96890184CE4F500978C2F /* UIKit.framework */; };
		CBF96897184CE4F500978C2F /* InfoPlist.strings in Resources */ = {isa = PBXBuildFile; fileRef = CBF96895184CE4F500978C2F /* InfoPlist.strings */; };
		CBF96899184CE4F500978C2F /* main.m in Sources */ = {isa = PBXBuildFile; fileRef = CBF96898184CE4F500978C2F /* main.m */; };
		CBF9689D184CE4F500978C2F /* smcAppDelegate.m in Sources */ = {isa = PBXBuildFile; fileRef = CBF9689C184CE4F500978C2F /* smcAppDelegate.m */; };
		CBF968A0184CE4F500978C2F /* Main_iPhone.storyboard in Resources */ = {isa = PBXBuildFile; fileRef = CBF9689E184CE4F500978C2F /* Main_iPhone.storyboard */; };
		CBF968A3184CE4F500978C2F /* Main_iPad.storyboard in Resources */ = {isa = PBXBuildFile; fileRef = CBF968A1184CE4F500978C2F /* Main_iPad.storyboard */; };
		CBF968A8184CE4F500978C2F /* Images.xcassets in Resources */ = {isa = PBXBuildFile; fileRef = CBF968A7184CE4F500978C2F /* Images.xcassets */; };
		CBF968AF184CE4F600978C2F /* XCTest.framework in Frameworks */ = {isa = PBXBuildFile; fileRef = CBF968AE184CE4F600978C2F /* XCTest.framework */; };
		CBF968B0184CE4F600978C2F /* Foundation.framework in Frameworks */ = {isa = PBXBuildFile; fileRef = CBF9688C184CE4F500978C2F /* Foundation.framework */; };
		CBF968B1184CE4F600978C2F /* UIKit.framework in Frameworks */ = {isa = PBXBuildFile; fileRef = CBF96890184CE4F500978C2F /* UIKit.framework */; };
		CBF968B9184CE4F600978C2F /* InfoPlist.strings in Resources */ = {isa = PBXBuildFile; fileRef = CBF968B7184CE4F600978C2F /* InfoPlist.strings */; };
		CBF968BB184CE4F600978C2F /* smcTests.m in Sources */ = {isa = PBXBuildFile; fileRef = CBF968BA184CE4F600978C2F /* smcTests.m */; };
/* End PBXBuildFile section */

/* Begin PBXContainerItemProxy section */
		CBF968B2184CE4F600978C2F /* PBXContainerItemProxy */ = {
			isa = PBXContainerItemProxy;
			containerPortal = CBF96881184CE4F500978C2F /* Project object */;
			proxyType = 1;
			remoteGlobalIDString = CBF96888184CE4F500978C2F;
			remoteInfo = smc;
		};
/* End PBXContainerItemProxy section */

/* Begin PBXFileReference section */
		CB2E92E51853D60C00153780 /* MainViewController.h */ = {isa = PBXFileReference; fileEncoding = 4; lastKnownFileType = sourcecode.c.h; name = MainViewController.h; path = controller/MainViewController.h; sourceTree = "<group>"; };
		CB2E92E61853D60C00153780 /* MainViewController.m */ = {isa = PBXFileReference; fileEncoding = 4; lastKnownFileType = sourcecode.c.objc; name = MainViewController.m; path = controller/MainViewController.m; sourceTree = "<group>"; };
		CB49C0431857B27F000B771D /* ProductCardView.h */ = {isa = PBXFileReference; fileEncoding = 4; lastKnownFileType = sourcecode.c.h; name = ProductCardView.h; path = view/ProductCardView.h; sourceTree = "<group>"; };
		CB49C0441857B27F000B771D /* ProductCardView.m */ = {isa = PBXFileReference; fileEncoding = 4; lastKnownFileType = sourcecode.c.objc; name = ProductCardView.m; path = view/ProductCardView.m; sourceTree = "<group>"; };
		CB49C0471857B7F1000B771D /* no-image-available.png */ = {isa = PBXFileReference; lastKnownFileType = image.png; name = "no-image-available.png"; path = "images/no-image-available.png"; sourceTree = "<group>"; };
		CB49C04A1857BB9B000B771D /* ProductCardCollectionViewCell.h */ = {isa = PBXFileReference; fileEncoding = 4; lastKnownFileType = sourcecode.c.h; name = ProductCardCollectionViewCell.h; path = view/ProductCardCollectionViewCell.h; sourceTree = "<group>"; };
		CB49C04B1857BB9B000B771D /* ProductCardCollectionViewCell.m */ = {isa = PBXFileReference; fileEncoding = 4; lastKnownFileType = sourcecode.c.objc; name = ProductCardCollectionViewCell.m; path = view/ProductCardCollectionViewCell.m; sourceTree = "<group>"; };
		CBCCDF041858B688002DA193 /* ProductModalViewController.h */ = {isa = PBXFileReference; fileEncoding = 4; lastKnownFileType = sourcecode.c.h; name = ProductModalViewController.h; path = controller/ProductModalViewController.h; sourceTree = "<group>"; };
		CBCCDF051858B688002DA193 /* ProductModalViewController.m */ = {isa = PBXFileReference; fileEncoding = 4; lastKnownFileType = sourcecode.c.objc; name = ProductModalViewController.m; path = controller/ProductModalViewController.m; sourceTree = "<group>"; };
		CBCCDF261858D49A002DA193 /* icon-29.png */ = {isa = PBXFileReference; lastKnownFileType = image.png; name = "icon-29.png"; path = "images/icon-29.png"; sourceTree = "<group>"; };
		CBCCDF271858D49A002DA193 /* icon-40.png */ = {isa = PBXFileReference; lastKnownFileType = image.png; name = "icon-40.png"; path = "images/icon-40.png"; sourceTree = "<group>"; };
		CBCCDF281858D49A002DA193 /* icon-58.png */ = {isa = PBXFileReference; lastKnownFileType = image.png; name = "icon-58.png"; path = "images/icon-58.png"; sourceTree = "<group>"; };
		CBCCDF291858D49A002DA193 /* icon-60.png */ = {isa = PBXFileReference; lastKnownFileType = image.png; name = "icon-60.png"; path = "images/icon-60.png"; sourceTree = "<group>"; };
		CBCCDF2A1858D49A002DA193 /* icon-76.png */ = {isa = PBXFileReference; lastKnownFileType = image.png; name = "icon-76.png"; path = "images/icon-76.png"; sourceTree = "<group>"; };
		CBCCDF2B1858D49A002DA193 /* icon-80.png */ = {isa = PBXFileReference; lastKnownFileType = image.png; name = "icon-80.png"; path = "images/icon-80.png"; sourceTree = "<group>"; };
		CBCCDF2C1858D49A002DA193 /* icon-120.png */ = {isa = PBXFileReference; lastKnownFileType = image.png; name = "icon-120.png"; path = "images/icon-120.png"; sourceTree = "<group>"; };
		CBCCDF2D1858D49A002DA193 /* icon-152.png */ = {isa = PBXFileReference; lastKnownFileType = image.png; name = "icon-152.png"; path = "images/icon-152.png"; sourceTree = "<group>"; };
		CBCCDF2E1858D49A002DA193 /* icon-256.png */ = {isa = PBXFileReference; lastKnownFileType = image.png; name = "icon-256.png"; path = "images/icon-256.png"; sourceTree = "<group>"; };
		CBCCDF2F1858D49A002DA193 /* logo.png */ = {isa = PBXFileReference; lastKnownFileType = image.png; name = logo.png; path = images/logo.png; sourceTree = "<group>"; };
		CBCCDF3A1858D784002DA193 /* CategorySelectionViewController.h */ = {isa = PBXFileReference; fileEncoding = 4; lastKnownFileType = sourcecode.c.h; name = CategorySelectionViewController.h; path = controller/CategorySelectionViewController.h; sourceTree = "<group>"; };
		CBCCDF3B1858D784002DA193 /* CategorySelectionViewController.m */ = {isa = PBXFileReference; fileEncoding = 4; lastKnownFileType = sourcecode.c.objc; name = CategorySelectionViewController.m; path = controller/CategorySelectionViewController.m; sourceTree = "<group>"; };
		CBCCDF461858FD3F002DA193 /* HexColor.h */ = {isa = PBXFileReference; fileEncoding = 4; lastKnownFileType = sourcecode.c.h; name = HexColor.h; path = "smc/TSMessages-master/Submodules/HexColors/Classes/HexColor.h"; sourceTree = "<group>"; };
		CBCCDF471858FD3F002DA193 /* HexColor.m */ = {isa = PBXFileReference; fileEncoding = 4; lastKnownFileType = sourcecode.c.objc; name = HexColor.m; path = "smc/TSMessages-master/Submodules/HexColors/Classes/HexColor.m"; sourceTree = "<group>"; };
		CBCCDF4B1858FD57002DA193 /* TSMessage.h */ = {isa = PBXFileReference; fileEncoding = 4; lastKnownFileType = sourcecode.c.h; path = TSMessage.h; sourceTree = "<group>"; };
		CBCCDF4C1858FD57002DA193 /* TSMessage.m */ = {isa = PBXFileReference; fileEncoding = 4; lastKnownFileType = sourcecode.c.objc; path = TSMessage.m; sourceTree = "<group>"; };
		CBCCDF4F1858FD57002DA193 /* NotificationBackgroundError.png */ = {isa = PBXFileReference; lastKnownFileType = image.png; path = NotificationBackgroundError.png; sourceTree = "<group>"; };
		CBCCDF501858FD57002DA193 /* NotificationBackgroundError@2x.png */ = {isa = PBXFileReference; lastKnownFileType = image.png; path = "NotificationBackgroundError@2x.png"; sourceTree = "<group>"; };
		CBCCDF511858FD57002DA193 /* NotificationBackgroundErrorIcon.png */ = {isa = PBXFileReference; lastKnownFileType = image.png; path = NotificationBackgroundErrorIcon.png; sourceTree = "<group>"; };
		CBCCDF521858FD57002DA193 /* NotificationBackgroundErrorIcon@2x.png */ = {isa = PBXFileReference; lastKnownFileType = image.png; path = "NotificationBackgroundErrorIcon@2x.png"; sourceTree = "<group>"; };
		CBCCDF531858FD57002DA193 /* NotificationBackgroundMessage.png */ = {isa = PBXFileReference; lastKnownFileType = image.png; path = NotificationBackgroundMessage.png; sourceTree = "<group>"; };
		CBCCDF541858FD57002DA193 /* NotificationBackgroundMessage@2x.png */ = {isa = PBXFileReference; lastKnownFileType = image.png; path = "NotificationBackgroundMessage@2x.png"; sourceTree = "<group>"; };
		CBCCDF551858FD57002DA193 /* NotificationBackgroundSuccess.png */ = {isa = PBXFileReference; lastKnownFileType = image.png; path = NotificationBackgroundSuccess.png; sourceTree = "<group>"; };
		CBCCDF561858FD57002DA193 /* NotificationBackgroundSuccess@2x.png */ = {isa = PBXFileReference; lastKnownFileType = image.png; path = "NotificationBackgroundSuccess@2x.png"; sourceTree = "<group>"; };
		CBCCDF571858FD57002DA193 /* NotificationBackgroundSuccessIcon.png */ = {isa = PBXFileReference; lastKnownFileType = image.png; path = NotificationBackgroundSuccessIcon.png; sourceTree = "<group>"; };
		CBCCDF581858FD57002DA193 /* NotificationBackgroundSuccessIcon@2x.png */ = {isa = PBXFileReference; lastKnownFileType = image.png; path = "NotificationBackgroundSuccessIcon@2x.png"; sourceTree = "<group>"; };
		CBCCDF591858FD57002DA193 /* NotificationBackgroundWarning.png */ = {isa = PBXFileReference; lastKnownFileType = image.png; path = NotificationBackgroundWarning.png; sourceTree = "<group>"; };
		CBCCDF5A1858FD57002DA193 /* NotificationBackgroundWarning@2x.png */ = {isa = PBXFileReference; lastKnownFileType = image.png; path = "NotificationBackgroundWarning@2x.png"; sourceTree = "<group>"; };
		CBCCDF5B1858FD57002DA193 /* NotificationBackgroundWarningIcon.png */ = {isa = PBXFileReference; lastKnownFileType = image.png; path = NotificationBackgroundWarningIcon.png; sourceTree = "<group>"; };
		CBCCDF5C1858FD57002DA193 /* NotificationBackgroundWarningIcon@2x.png */ = {isa = PBXFileReference; lastKnownFileType = image.png; path = "NotificationBackgroundWarningIcon@2x.png"; sourceTree = "<group>"; };
		CBCCDF5D1858FD57002DA193 /* NotificationButtonBackground.png */ = {isa = PBXFileReference; lastKnownFileType = image.png; path = NotificationButtonBackground.png; sourceTree = "<group>"; };
		CBCCDF5E1858FD57002DA193 /* NotificationButtonBackground@2x.png */ = {isa = PBXFileReference; lastKnownFileType = image.png; path = "NotificationButtonBackground@2x.png"; sourceTree = "<group>"; };
		CBCCDF5F1858FD57002DA193 /* TSMessagesDefaultDesign.json */ = {isa = PBXFileReference; fileEncoding = 4; lastKnownFileType = text.json; path = TSMessagesDefaultDesign.json; sourceTree = "<group>"; };
		CBCCDF611858FD57002DA193 /* TSBlurView.h */ = {isa = PBXFileReference; fileEncoding = 4; lastKnownFileType = sourcecode.c.h; path = TSBlurView.h; sourceTree = "<group>"; };
		CBCCDF621858FD57002DA193 /* TSBlurView.m */ = {isa = PBXFileReference; fileEncoding = 4; lastKnownFileType = sourcecode.c.objc; path = TSBlurView.m; sourceTree = "<group>"; };
		CBCCDF631858FD57002DA193 /* TSMessageView.h */ = {isa = PBXFileReference; fileEncoding = 4; lastKnownFileType = sourcecode.c.h; path = TSMessageView.h; sourceTree = "<group>"; };
		CBCCDF641858FD57002DA193 /* TSMessageView.m */ = {isa = PBXFileReference; fileEncoding = 4; lastKnownFileType = sourcecode.c.objc; path = TSMessageView.m; sourceTree = "<group>"; };
		CBF96889184CE4F500978C2F /* SMC.app */ = {isa = PBXFileReference; explicitFileType = wrapper.application; includeInIndex = 0; path = SMC.app; sourceTree = BUILT_PRODUCTS_DIR; };
		CBF9688C184CE4F500978C2F /* Foundation.framework */ = {isa = PBXFileReference; lastKnownFileType = wrapper.framework; name = Foundation.framework; path = System/Library/Frameworks/Foundation.framework; sourceTree = SDKROOT; };
		CBF9688E184CE4F500978C2F /* CoreGraphics.framework */ = {isa = PBXFileReference; lastKnownFileType = wrapper.framework; name = CoreGraphics.framework; path = System/Library/Frameworks/CoreGraphics.framework; sourceTree = SDKROOT; };
		CBF96890184CE4F500978C2F /* UIKit.framework */ = {isa = PBXFileReference; lastKnownFileType = wrapper.framework; name = UIKit.framework; path = System/Library/Frameworks/UIKit.framework; sourceTree = SDKROOT; };
		CBF96894184CE4F500978C2F /* smc-Info.plist */ = {isa = PBXFileReference; lastKnownFileType = text.plist.xml; path = "smc-Info.plist"; sourceTree = "<group>"; };
		CBF96896184CE4F500978C2F /* en */ = {isa = PBXFileReference; lastKnownFileType = text.plist.strings; name = en; path = en.lproj/InfoPlist.strings; sourceTree = "<group>"; };
		CBF96898184CE4F500978C2F /* main.m */ = {isa = PBXFileReference; lastKnownFileType = sourcecode.c.objc; path = main.m; sourceTree = "<group>"; };
		CBF9689A184CE4F500978C2F /* smc-Prefix.pch */ = {isa = PBXFileReference; lastKnownFileType = sourcecode.c.h; path = "smc-Prefix.pch"; sourceTree = "<group>"; };
		CBF9689B184CE4F500978C2F /* smcAppDelegate.h */ = {isa = PBXFileReference; lastKnownFileType = sourcecode.c.h; path = smcAppDelegate.h; sourceTree = "<group>"; };
		CBF9689C184CE4F500978C2F /* smcAppDelegate.m */ = {isa = PBXFileReference; lastKnownFileType = sourcecode.c.objc; path = smcAppDelegate.m; sourceTree = "<group>"; };
		CBF9689F184CE4F500978C2F /* Base */ = {isa = PBXFileReference; lastKnownFileType = file.storyboard; name = Base; path = Base.lproj/Main_iPhone.storyboard; sourceTree = "<group>"; };
		CBF968A2184CE4F500978C2F /* Base */ = {isa = PBXFileReference; lastKnownFileType = file.storyboard; name = Base; path = Base.lproj/Main_iPad.storyboard; sourceTree = "<group>"; };
		CBF968A7184CE4F500978C2F /* Images.xcassets */ = {isa = PBXFileReference; lastKnownFileType = folder.assetcatalog; path = Images.xcassets; sourceTree = "<group>"; };
		CBF968AD184CE4F600978C2F /* smcTests.xctest */ = {isa = PBXFileReference; explicitFileType = wrapper.cfbundle; includeInIndex = 0; path = smcTests.xctest; sourceTree = BUILT_PRODUCTS_DIR; };
		CBF968AE184CE4F600978C2F /* XCTest.framework */ = {isa = PBXFileReference; lastKnownFileType = wrapper.framework; name = XCTest.framework; path = Library/Frameworks/XCTest.framework; sourceTree = DEVELOPER_DIR; };
		CBF968B6184CE4F600978C2F /* smcTests-Info.plist */ = {isa = PBXFileReference; lastKnownFileType = text.plist.xml; path = "smcTests-Info.plist"; sourceTree = "<group>"; };
		CBF968B8184CE4F600978C2F /* en */ = {isa = PBXFileReference; lastKnownFileType = text.plist.strings; name = en; path = en.lproj/InfoPlist.strings; sourceTree = "<group>"; };
		CBF968BA184CE4F600978C2F /* smcTests.m */ = {isa = PBXFileReference; lastKnownFileType = sourcecode.c.objc; path = smcTests.m; sourceTree = "<group>"; };
/* End PBXFileReference section */

/* Begin PBXFrameworksBuildPhase section */
		CBF96886184CE4F500978C2F /* Frameworks */ = {
			isa = PBXFrameworksBuildPhase;
			buildActionMask = 2147483647;
			files = (
				CBF9688F184CE4F500978C2F /* CoreGraphics.framework in Frameworks */,
				CBF96891184CE4F500978C2F /* UIKit.framework in Frameworks */,
				CBF9688D184CE4F500978C2F /* Foundation.framework in Frameworks */,
			);
			runOnlyForDeploymentPostprocessing = 0;
		};
		CBF968AA184CE4F600978C2F /* Frameworks */ = {
			isa = PBXFrameworksBuildPhase;
			buildActionMask = 2147483647;
			files = (
				CBF968AF184CE4F600978C2F /* XCTest.framework in Frameworks */,
				CBF968B1184CE4F600978C2F /* UIKit.framework in Frameworks */,
				CBF968B0184CE4F600978C2F /* Foundation.framework in Frameworks */,
			);
			runOnlyForDeploymentPostprocessing = 0;
		};
/* End PBXFrameworksBuildPhase section */

/* Begin PBXGroup section */
		CB2E92E41853C2E000153780 /* controller */ = {
			isa = PBXGroup;
			children = (
				CB2E92E51853D60C00153780 /* MainViewController.h */,
				CB2E92E61853D60C00153780 /* MainViewController.m */,
				CBCCDF041858B688002DA193 /* ProductModalViewController.h */,
				CBCCDF051858B688002DA193 /* ProductModalViewController.m */,
				CBCCDF3A1858D784002DA193 /* CategorySelectionViewController.h */,
				CBCCDF3B1858D784002DA193 /* CategorySelectionViewController.m */,
			);
			name = controller;
			sourceTree = "<group>";
		};
		CB49C0461857B524000B771D /* view */ = {
			isa = PBXGroup;
			children = (
				CB49C0431857B27F000B771D /* ProductCardView.h */,
				CB49C0441857B27F000B771D /* ProductCardView.m */,
				CB49C04A1857BB9B000B771D /* ProductCardCollectionViewCell.h */,
				CB49C04B1857BB9B000B771D /* ProductCardCollectionViewCell.m */,
			);
			name = view;
			sourceTree = "<group>";
		};
		CB49C0491857B7F6000B771D /* images */ = {
			isa = PBXGroup;
			children = (
				CBCCDF261858D49A002DA193 /* icon-29.png */,
				CBCCDF271858D49A002DA193 /* icon-40.png */,
				CBCCDF281858D49A002DA193 /* icon-58.png */,
				CBCCDF291858D49A002DA193 /* icon-60.png */,
				CBCCDF2A1858D49A002DA193 /* icon-76.png */,
				CBCCDF2B1858D49A002DA193 /* icon-80.png */,
				CBCCDF2C1858D49A002DA193 /* icon-120.png */,
				CBCCDF2D1858D49A002DA193 /* icon-152.png */,
				CBCCDF2E1858D49A002DA193 /* icon-256.png */,
				CBCCDF2F1858D49A002DA193 /* logo.png */,
				CB49C0471857B7F1000B771D /* no-image-available.png */,
			);
			name = images;
			sourceTree = "<group>";
		};
		CBCCDF491858FD57002DA193 /* TSMessages */ = {
			isa = PBXGroup;
			children = (
				CBCCDF4A1858FD57002DA193 /* Classes */,
				CBCCDF4D1858FD57002DA193 /* Resources */,
				CBCCDF601858FD57002DA193 /* Views */,
			);
			name = TSMessages;
			path = "smc/TSMessages-master/TSMessages";
			sourceTree = "<group>";
		};
		CBCCDF4A1858FD57002DA193 /* Classes */ = {
			isa = PBXGroup;
			children = (
				CBCCDF4B1858FD57002DA193 /* TSMessage.h */,
				CBCCDF4C1858FD57002DA193 /* TSMessage.m */,
			);
			path = Classes;
			sourceTree = "<group>";
		};
		CBCCDF4D1858FD57002DA193 /* Resources */ = {
			isa = PBXGroup;
			children = (
				CBCCDF4E1858FD57002DA193 /* Images */,
				CBCCDF5F1858FD57002DA193 /* TSMessagesDefaultDesign.json */,
			);
			path = Resources;
			sourceTree = "<group>";
		};
		CBCCDF4E1858FD57002DA193 /* Images */ = {
			isa = PBXGroup;
			children = (
				CBCCDF4F1858FD57002DA193 /* NotificationBackgroundError.png */,
				CBCCDF501858FD57002DA193 /* NotificationBackgroundError@2x.png */,
				CBCCDF511858FD57002DA193 /* NotificationBackgroundErrorIcon.png */,
				CBCCDF521858FD57002DA193 /* NotificationBackgroundErrorIcon@2x.png */,
				CBCCDF531858FD57002DA193 /* NotificationBackgroundMessage.png */,
				CBCCDF541858FD57002DA193 /* NotificationBackgroundMessage@2x.png */,
				CBCCDF551858FD57002DA193 /* NotificationBackgroundSuccess.png */,
				CBCCDF561858FD57002DA193 /* NotificationBackgroundSuccess@2x.png */,
				CBCCDF571858FD57002DA193 /* NotificationBackgroundSuccessIcon.png */,
				CBCCDF581858FD57002DA193 /* NotificationBackgroundSuccessIcon@2x.png */,
				CBCCDF591858FD57002DA193 /* NotificationBackgroundWarning.png */,
				CBCCDF5A1858FD57002DA193 /* NotificationBackgroundWarning@2x.png */,
				CBCCDF5B1858FD57002DA193 /* NotificationBackgroundWarningIcon.png */,
				CBCCDF5C1858FD57002DA193 /* NotificationBackgroundWarningIcon@2x.png */,
				CBCCDF5D1858FD57002DA193 /* NotificationButtonBackground.png */,
				CBCCDF5E1858FD57002DA193 /* NotificationButtonBackground@2x.png */,
			);
			path = Images;
			sourceTree = "<group>";
		};
		CBCCDF601858FD57002DA193 /* Views */ = {
			isa = PBXGroup;
			children = (
				CBCCDF611858FD57002DA193 /* TSBlurView.h */,
				CBCCDF621858FD57002DA193 /* TSBlurView.m */,
				CBCCDF631858FD57002DA193 /* TSMessageView.h */,
				CBCCDF641858FD57002DA193 /* TSMessageView.m */,
			);
			path = Views;
			sourceTree = "<group>";
		};
		CBF96880184CE4F500978C2F = {
			isa = PBXGroup;
			children = (
				CBCCDF491858FD57002DA193 /* TSMessages */,
				CBCCDF461858FD3F002DA193 /* HexColor.h */,
				CBCCDF471858FD3F002DA193 /* HexColor.m */,
				CBF96892184CE4F500978C2F /* smc */,
				CBF968B4184CE4F600978C2F /* smcTests */,
				CBF9688B184CE4F500978C2F /* Frameworks */,
				CBF9688A184CE4F500978C2F /* Products */,
			);
			sourceTree = "<group>";
		};
		CBF9688A184CE4F500978C2F /* Products */ = {
			isa = PBXGroup;
			children = (
				CBF96889184CE4F500978C2F /* SMC.app */,
				CBF968AD184CE4F600978C2F /* smcTests.xctest */,
			);
			name = Products;
			sourceTree = "<group>";
		};
		CBF9688B184CE4F500978C2F /* Frameworks */ = {
			isa = PBXGroup;
			children = (
				CBF9688C184CE4F500978C2F /* Foundation.framework */,
				CBF9688E184CE4F500978C2F /* CoreGraphics.framework */,
				CBF96890184CE4F500978C2F /* UIKit.framework */,
				CBF968AE184CE4F600978C2F /* XCTest.framework */,
			);
			name = Frameworks;
			sourceTree = "<group>";
		};
		CBF96892184CE4F500978C2F /* smc */ = {
			isa = PBXGroup;
			children = (
				CBF9689B184CE4F500978C2F /* smcAppDelegate.h */,
				CBF9689C184CE4F500978C2F /* smcAppDelegate.m */,
				CBF9689E184CE4F500978C2F /* Main_iPhone.storyboard */,
				CBF968A1184CE4F500978C2F /* Main_iPad.storyboard */,
				CBF968A7184CE4F500978C2F /* Images.xcassets */,
				CB49C0491857B7F6000B771D /* images */,
				CBF96893184CE4F500978C2F /* Supporting Files */,
				CB2E92E41853C2E000153780 /* controller */,
				CB49C0461857B524000B771D /* view */,
			);
			path = smc;
			sourceTree = "<group>";
		};
		CBF96893184CE4F500978C2F /* Supporting Files */ = {
			isa = PBXGroup;
			children = (
				CBF96894184CE4F500978C2F /* smc-Info.plist */,
				CBF96895184CE4F500978C2F /* InfoPlist.strings */,
				CBF96898184CE4F500978C2F /* main.m */,
				CBF9689A184CE4F500978C2F /* smc-Prefix.pch */,
			);
			name = "Supporting Files";
			sourceTree = "<group>";
		};
		CBF968B4184CE4F600978C2F /* smcTests */ = {
			isa = PBXGroup;
			children = (
				CBF968BA184CE4F600978C2F /* smcTests.m */,
				CBF968B5184CE4F600978C2F /* Supporting Files */,
			);
			path = smcTests;
			sourceTree = "<group>";
		};
		CBF968B5184CE4F600978C2F /* Supporting Files */ = {
			isa = PBXGroup;
			children = (
				CBF968B6184CE4F600978C2F /* smcTests-Info.plist */,
				CBF968B7184CE4F600978C2F /* InfoPlist.strings */,
			);
			name = "Supporting Files";
			sourceTree = "<group>";
		};
/* End PBXGroup section */

/* Begin PBXNativeTarget section */
		CBF96888184CE4F500978C2F /* smc */ = {
			isa = PBXNativeTarget;
			buildConfigurationList = CBF968BE184CE4F600978C2F /* Build configuration list for PBXNativeTarget "smc" */;
			buildPhases = (
				CBF96885184CE4F500978C2F /* Sources */,
				CBF96886184CE4F500978C2F /* Frameworks */,
				CBF96887184CE4F500978C2F /* Resources */,
			);
			buildRules = (
			);
			dependencies = (
			);
			name = smc;
			productName = smc;
			productReference = CBF96889184CE4F500978C2F /* SMC.app */;
			productType = "com.apple.product-type.application";
		};
		CBF968AC184CE4F600978C2F /* smcTests */ = {
			isa = PBXNativeTarget;
			buildConfigurationList = CBF968C1184CE4F600978C2F /* Build configuration list for PBXNativeTarget "smcTests" */;
			buildPhases = (
				CBF968A9184CE4F600978C2F /* Sources */,
				CBF968AA184CE4F600978C2F /* Frameworks */,
				CBF968AB184CE4F600978C2F /* Resources */,
			);
			buildRules = (
			);
			dependencies = (
				CBF968B3184CE4F600978C2F /* PBXTargetDependency */,
			);
			name = smcTests;
			productName = smcTests;
			productReference = CBF968AD184CE4F600978C2F /* smcTests.xctest */;
			productType = "com.apple.product-type.bundle.unit-test";
		};
/* End PBXNativeTarget section */

/* Begin PBXProject section */
		CBF96881184CE4F500978C2F /* Project object */ = {
			isa = PBXProject;
			attributes = {
				CLASSPREFIX = smc;
				LastUpgradeCheck = 0500;
				ORGANIZATIONNAME = "Spend My Cents";
				TargetAttributes = {
					CBF968AC184CE4F600978C2F = {
						TestTargetID = CBF96888184CE4F500978C2F;
					};
				};
			};
			buildConfigurationList = CBF96884184CE4F500978C2F /* Build configuration list for PBXProject "smc" */;
			compatibilityVersion = "Xcode 3.2";
			developmentRegion = English;
			hasScannedForEncodings = 0;
			knownRegions = (
				en,
				Base,
			);
			mainGroup = CBF96880184CE4F500978C2F;
			productRefGroup = CBF9688A184CE4F500978C2F /* Products */;
			projectDirPath = "";
			projectRoot = "";
			targets = (
				CBF96888184CE4F500978C2F /* smc */,
				CBF968AC184CE4F600978C2F /* smcTests */,
			);
		};
/* End PBXProject section */

/* Begin PBXResourcesBuildPhase section */
		CBF96887184CE4F500978C2F /* Resources */ = {
			isa = PBXResourcesBuildPhase;
			buildActionMask = 2147483647;
			files = (
				CB49C0481857B7F1000B771D /* no-image-available.png in Resources */,
				CBCCDF371858D49A002DA193 /* icon-152.png in Resources */,
				CBCCDF761858FD57002DA193 /* TSMessagesDefaultDesign.json in Resources */,
				CBCCDF341858D49A002DA193 /* icon-76.png in Resources */,
				CBCCDF661858FD57002DA193 /* NotificationBackgroundError.png in Resources */,
				CBCCDF711858FD57002DA193 /* NotificationBackgroundWarning@2x.png in Resources */,
				CBCCDF691858FD57002DA193 /* NotificationBackgroundErrorIcon@2x.png in Resources */,
				CBCCDF321858D49A002DA193 /* icon-58.png in Resources */,
				CBCCDF671858FD57002DA193 /* NotificationBackgroundError@2x.png in Resources */,
				CBCCDF731858FD57002DA193 /* NotificationBackgroundWarningIcon@2x.png in Resources */,
				CBF968A3184CE4F500978C2F /* Main_iPad.storyboard in Resources */,
				CBCCDF6A1858FD57002DA193 /* NotificationBackgroundMessage.png in Resources */,
				CBCCDF721858FD57002DA193 /* NotificationBackgroundWarningIcon.png in Resources */,
				CBCCDF741858FD57002DA193 /* NotificationButtonBackground.png in Resources */,
				CBCCDF6E1858FD57002DA193 /* NotificationBackgroundSuccessIcon.png in Resources */,
				CBCCDF6B1858FD57002DA193 /* NotificationBackgroundMessage@2x.png in Resources */,
				CBF968A8184CE4F500978C2F /* Images.xcassets in Resources */,
				CBCCDF381858D49A002DA193 /* icon-256.png in Resources */,
				CBF968A0184CE4F500978C2F /* Main_iPhone.storyboard in Resources */,
				CBCCDF331858D49A002DA193 /* icon-60.png in Resources */,
				CBCCDF6D1858FD57002DA193 /* NotificationBackgroundSuccess@2x.png in Resources */,
				CBCCDF6C1858FD57002DA193 /* NotificationBackgroundSuccess.png in Resources */,
				CBCCDF751858FD57002DA193 /* NotificationButtonBackground@2x.png in Resources */,
				CBCCDF701858FD57002DA193 /* NotificationBackgroundWarning.png in Resources */,
				CBF96897184CE4F500978C2F /* InfoPlist.strings in Resources */,
				CBCCDF361858D49A002DA193 /* icon-120.png in Resources */,
				CBCCDF391858D49A002DA193 /* logo.png in Resources */,
				CBCCDF681858FD57002DA193 /* NotificationBackgroundErrorIcon.png in Resources */,
				CBCCDF301858D49A002DA193 /* icon-29.png in Resources */,
				CBCCDF311858D49A002DA193 /* icon-40.png in Resources */,
				CBCCDF351858D49A002DA193 /* icon-80.png in Resources */,
				CBCCDF6F1858FD57002DA193 /* NotificationBackgroundSuccessIcon@2x.png in Resources */,
			);
			runOnlyForDeploymentPostprocessing = 0;
		};
		CBF968AB184CE4F600978C2F /* Resources */ = {
			isa = PBXResourcesBuildPhase;
			buildActionMask = 2147483647;
			files = (
				CBF968B9184CE4F600978C2F /* InfoPlist.strings in Resources */,
			);
			runOnlyForDeploymentPostprocessing = 0;
		};
/* End PBXResourcesBuildPhase section */

/* Begin PBXSourcesBuildPhase section */
		CBF96885184CE4F500978C2F /* Sources */ = {
			isa = PBXSourcesBuildPhase;
			buildActionMask = 2147483647;
			files = (
				CBCCDF771858FD57002DA193 /* TSBlurView.m in Sources */,
				CBCCDF651858FD57002DA193 /* TSMessage.m in Sources */,
				CBCCDF061858B688002DA193 /* ProductModalViewController.m in Sources */,
				CBF9689D184CE4F500978C2F /* smcAppDelegate.m in Sources */,
				CB49C04C1857BB9B000B771D /* ProductCardCollectionViewCell.m in Sources */,
				CB49C0451857B27F000B771D /* ProductCardView.m in Sources */,
				CBCCDF3C1858D784002DA193 /* CategorySelectionViewController.m in Sources */,
				CBF96899184CE4F500978C2F /* main.m in Sources */,
				CBCCDF781858FD57002DA193 /* TSMessageView.m in Sources */,
				CB2E92E71853D60C00153780 /* MainViewController.m in Sources */,
				CBCCDF481858FD3F002DA193 /* HexColor.m in Sources */,
			);
			runOnlyForDeploymentPostprocessing = 0;
		};
		CBF968A9184CE4F600978C2F /* Sources */ = {
			isa = PBXSourcesBuildPhase;
			buildActionMask = 2147483647;
			files = (
				CBF968BB184CE4F600978C2F /* smcTests.m in Sources */,
			);
			runOnlyForDeploymentPostprocessing = 0;
		};
/* End PBXSourcesBuildPhase section */

/* Begin PBXTargetDependency section */
		CBF968B3184CE4F600978C2F /* PBXTargetDependency */ = {
			isa = PBXTargetDependency;
			target = CBF96888184CE4F500978C2F /* smc */;
			targetProxy = CBF968B2184CE4F600978C2F /* PBXContainerItemProxy */;
		};
/* End PBXTargetDependency section */

/* Begin PBXVariantGroup section */
		CBF96895184CE4F500978C2F /* InfoPlist.strings */ = {
			isa = PBXVariantGroup;
			children = (
				CBF96896184CE4F500978C2F /* en */,
			);
			name = InfoPlist.strings;
			sourceTree = "<group>";
		};
		CBF9689E184CE4F500978C2F /* Main_iPhone.storyboard */ = {
			isa = PBXVariantGroup;
			children = (
				CBF9689F184CE4F500978C2F /* Base */,
			);
			name = Main_iPhone.storyboard;
			sourceTree = "<group>";
		};
		CBF968A1184CE4F500978C2F /* Main_iPad.storyboard */ = {
			isa = PBXVariantGroup;
			children = (
				CBF968A2184CE4F500978C2F /* Base */,
			);
			name = Main_iPad.storyboard;
			sourceTree = "<group>";
		};
		CBF968B7184CE4F600978C2F /* InfoPlist.strings */ = {
			isa = PBXVariantGroup;
			children = (
				CBF968B8184CE4F600978C2F /* en */,
			);
			name = InfoPlist.strings;
			sourceTree = "<group>";
		};
/* End PBXVariantGroup section */

/* Begin XCBuildConfiguration section */
		CBF968BC184CE4F600978C2F /* Debug */ = {
			isa = XCBuildConfiguration;
			buildSettings = {
				ALWAYS_SEARCH_USER_PATHS = NO;
				ARCHS = "$(ARCHS_STANDARD_INCLUDING_64_BIT)";
				CLANG_CXX_LANGUAGE_STANDARD = "gnu++0x";
				CLANG_CXX_LIBRARY = "libc++";
				CLANG_ENABLE_MODULES = YES;
				CLANG_ENABLE_OBJC_ARC = YES;
				CLANG_WARN_BOOL_CONVERSION = YES;
				CLANG_WARN_CONSTANT_CONVERSION = YES;
				CLANG_WARN_DIRECT_OBJC_ISA_USAGE = YES_ERROR;
				CLANG_WARN_EMPTY_BODY = YES;
				CLANG_WARN_ENUM_CONVERSION = YES;
				CLANG_WARN_INT_CONVERSION = YES;
				CLANG_WARN_OBJC_ROOT_CLASS = YES_ERROR;
				CLANG_WARN__DUPLICATE_METHOD_MATCH = YES;
				"CODE_SIGN_IDENTITY[sdk=iphoneos*]" = "iPhone Developer";
				COPY_PHASE_STRIP = NO;
				GCC_C_LANGUAGE_STANDARD = gnu99;
				GCC_DYNAMIC_NO_PIC = NO;
				GCC_OPTIMIZATION_LEVEL = 0;
				GCC_PREPROCESSOR_DEFINITIONS = (
					"DEBUG=1",
					"$(inherited)",
				);
				GCC_SYMBOLS_PRIVATE_EXTERN = NO;
				GCC_WARN_64_TO_32_BIT_CONVERSION = YES;
				GCC_WARN_ABOUT_RETURN_TYPE = YES_ERROR;
				GCC_WARN_UNDECLARED_SELECTOR = YES;
				GCC_WARN_UNINITIALIZED_AUTOS = YES;
				GCC_WARN_UNUSED_FUNCTION = YES;
				GCC_WARN_UNUSED_VARIABLE = YES;
				IPHONEOS_DEPLOYMENT_TARGET = 7.0;
				ONLY_ACTIVE_ARCH = YES;
				SDKROOT = iphoneos;
				TARGETED_DEVICE_FAMILY = "1,2";
			};
			name = Debug;
		};
		CBF968BD184CE4F600978C2F /* Release */ = {
			isa = XCBuildConfiguration;
			buildSettings = {
				ALWAYS_SEARCH_USER_PATHS = NO;
				ARCHS = "$(ARCHS_STANDARD_INCLUDING_64_BIT)";
				CLANG_CXX_LANGUAGE_STANDARD = "gnu++0x";
				CLANG_CXX_LIBRARY = "libc++";
				CLANG_ENABLE_MODULES = YES;
				CLANG_ENABLE_OBJC_ARC = YES;
				CLANG_WARN_BOOL_CONVERSION = YES;
				CLANG_WARN_CONSTANT_CONVERSION = YES;
				CLANG_WARN_DIRECT_OBJC_ISA_USAGE = YES_ERROR;
				CLANG_WARN_EMPTY_BODY = YES;
				CLANG_WARN_ENUM_CONVERSION = YES;
				CLANG_WARN_INT_CONVERSION = YES;
				CLANG_WARN_OBJC_ROOT_CLASS = YES_ERROR;
				CLANG_WARN__DUPLICATE_METHOD_MATCH = YES;
				"CODE_SIGN_IDENTITY[sdk=iphoneos*]" = "iPhone Developer";
				COPY_PHASE_STRIP = YES;
				ENABLE_NS_ASSERTIONS = NO;
				GCC_C_LANGUAGE_STANDARD = gnu99;
				GCC_WARN_64_TO_32_BIT_CONVERSION = YES;
				GCC_WARN_ABOUT_RETURN_TYPE = YES_ERROR;
				GCC_WARN_UNDECLARED_SELECTOR = YES;
				GCC_WARN_UNINITIALIZED_AUTOS = YES;
				GCC_WARN_UNUSED_FUNCTION = YES;
				GCC_WARN_UNUSED_VARIABLE = YES;
				IPHONEOS_DEPLOYMENT_TARGET = 7.0;
				SDKROOT = iphoneos;
				TARGETED_DEVICE_FAMILY = "1,2";
				VALIDATE_PRODUCT = YES;
			};
			name = Release;
		};
		CBF968BF184CE4F600978C2F /* Debug */ = {
			isa = XCBuildConfiguration;
			buildSettings = {
				ASSETCATALOG_COMPILER_APPICON_NAME = AppIcon;
				ASSETCATALOG_COMPILER_LAUNCHIMAGE_NAME = LaunchImage;
				GCC_PRECOMPILE_PREFIX_HEADER = YES;
				GCC_PREFIX_HEADER = "smc/smc-Prefix.pch";
				INFOPLIST_FILE = "smc/smc-Info.plist";
				PRODUCT_NAME = SMC;
				WRAPPER_EXTENSION = app;
			};
			name = Debug;
		};
		CBF968C0184CE4F600978C2F /* Release */ = {
			isa = XCBuildConfiguration;
			buildSettings = {
				ASSETCATALOG_COMPILER_APPICON_NAME = AppIcon;
				ASSETCATALOG_COMPILER_LAUNCHIMAGE_NAME = LaunchImage;
				GCC_PRECOMPILE_PREFIX_HEADER = YES;
				GCC_PREFIX_HEADER = "smc/smc-Prefix.pch";
				INFOPLIST_FILE = "smc/smc-Info.plist";
				PRODUCT_NAME = SMC;
				WRAPPER_EXTENSION = app;
			};
			name = Release;
		};
		CBF968C2184CE4F600978C2F /* Debug */ = {
			isa = XCBuildConfiguration;
			buildSettings = {
				ARCHS = "$(ARCHS_STANDARD_INCLUDING_64_BIT)";
				BUNDLE_LOADER = "$(BUILT_PRODUCTS_DIR)/smc.app/smc";
				FRAMEWORK_SEARCH_PATHS = (
					"$(SDKROOT)/Developer/Library/Frameworks",
					"$(inherited)",
					"$(DEVELOPER_FRAMEWORKS_DIR)",
				);
				GCC_PRECOMPILE_PREFIX_HEADER = YES;
				GCC_PREFIX_HEADER = "smc/smc-Prefix.pch";
				GCC_PREPROCESSOR_DEFINITIONS = (
					"DEBUG=1",
					"$(inherited)",
				);
				INFOPLIST_FILE = "smcTests/smcTests-Info.plist";
				PRODUCT_NAME = "$(TARGET_NAME)";
				TEST_HOST = "$(BUNDLE_LOADER)";
				WRAPPER_EXTENSION = xctest;
			};
			name = Debug;
		};
		CBF968C3184CE4F600978C2F /* Release */ = {
			isa = XCBuildConfiguration;
			buildSettings = {
				ARCHS = "$(ARCHS_STANDARD_INCLUDING_64_BIT)";
				BUNDLE_LOADER = "$(BUILT_PRODUCTS_DIR)/smc.app/smc";
				FRAMEWORK_SEARCH_PATHS = (
					"$(SDKROOT)/Developer/Library/Frameworks",
					"$(inherited)",
					"$(DEVELOPER_FRAMEWORKS_DIR)",
				);
				GCC_PRECOMPILE_PREFIX_HEADER = YES;
				GCC_PREFIX_HEADER = "smc/smc-Prefix.pch";
				INFOPLIST_FILE = "smcTests/smcTests-Info.plist";
				PRODUCT_NAME = "$(TARGET_NAME)";
				TEST_HOST = "$(BUNDLE_LOADER)";
				WRAPPER_EXTENSION = xctest;
			};
			name = Release;
		};
/* End XCBuildConfiguration section */

/* Begin XCConfigurationList section */
		CBF96884184CE4F500978C2F /* Build configuration list for PBXProject "smc" */ = {
			isa = XCConfigurationList;
			buildConfigurations = (
				CBF968BC184CE4F600978C2F /* Debug */,
				CBF968BD184CE4F600978C2F /* Release */,
			);
			defaultConfigurationIsVisible = 0;
			defaultConfigurationName = Release;
		};
		CBF968BE184CE4F600978C2F /* Build configuration list for PBXNativeTarget "smc" */ = {
			isa = XCConfigurationList;
			buildConfigurations = (
				CBF968BF184CE4F600978C2F /* Debug */,
				CBF968C0184CE4F600978C2F /* Release */,
			);
			defaultConfigurationIsVisible = 0;
			defaultConfigurationName = Release;
		};
		CBF968C1184CE4F600978C2F /* Build configuration list for PBXNativeTarget "smcTests" */ = {
			isa = XCConfigurationList;
			buildConfigurations = (
				CBF968C2184CE4F600978C2F /* Debug */,
				CBF968C3184CE4F600978C2F /* Release */,
			);
			defaultConfigurationIsVisible = 0;
			defaultConfigurationName = Release;
		};
/* End XCConfigurationList section */
	};
	rootObject = CBF96881184CE4F500978C2F /* Project object */;
}
